
Microsoft Visual Studio Solution File, Format Version 12.00
# Visual Studio 15
VisualStudioVersion = 15.0.28307.106
MinimumVisualStudioVersion = 10.0.40219.1
Project("{9A19103F-16F7-4668-BE54-9A1E7A4F7556}") = "Catalog.Api", "Catalog.Api\Catalog.Api.csproj", "{8426893B-4201-40D5-9E86-3F22BE009B96}"
EndProject
Project("{9A19103F-16F7-4668-BE54-9A1E7A4F7556}") = "Frontend", "Frontend\Frontend.csproj", "{B0D9366A-D1D8-4CF1-A219-1FA55814124C}"
EndProject
Project("{9A19103F-16F7-4668-BE54-9A1E7A4F7556}") = "Basket.Api", "BasketItems.Api\Basket.Api.csproj", "{E23EB1C2-6598-44AC-A627-31A428B73147}"
EndProject
Project("{FAE04EC0-301F-11D3-BF4B-00C04F79EFBC}") = "Frontend.Mvc", "Frontend.Mvc\Frontend.Mvc.csproj", "{4297305D-ED72-415F-94CE-1727D4338E2D}"
EndProject
Global
	GlobalSection(SolutionConfigurationPlatforms) = preSolution
		Debug|Any CPU = Debug|Any CPU
		Release|Any CPU = Release|Any CPU
	EndGlobalSection
	GlobalSection(ProjectConfigurationPlatforms) = postSolution
		{8426893B-4201-40D5-9E86-3F22BE009B96}.Debug|Any CPU.ActiveCfg = Debug|Any CPU
		{8426893B-4201-40D5-9E86-3F22BE009B96}.Debug|Any CPU.Build.0 = Debug|Any CPU
		{8426893B-4201-40D5-9E86-3F22BE009B96}.Release|Any CPU.ActiveCfg = Release|Any CPU
		{8426893B-4201-40D5-9E86-3F22BE009B96}.Release|Any CPU.Build.0 = Release|Any CPU
		{B0D9366A-D1D8-4CF1-A219-1FA55814124C}.Debug|Any CPU.ActiveCfg = Debug|Any CPU
		{B0D9366A-D1D8-4CF1-A219-1FA55814124C}.Debug|Any CPU.Build.0 = Debug|Any CPU
		{B0D9366A-D1D8-4CF1-A219-1FA55814124C}.Release|Any CPU.ActiveCfg = Release|Any CPU
		{B0D9366A-D1D8-4CF1-A219-1FA55814124C}.Release|Any CPU.Build.0 = Release|Any CPU
		{E23EB1C2-6598-44AC-A627-31A428B73147}.Debug|Any CPU.ActiveCfg = Debug|Any CPU
		{E23EB1C2-6598-44AC-A627-31A428B73147}.Debug|Any CPU.Build.0 = Debug|Any CPU
		{E23EB1C2-6598-44AC-A627-31A428B73147}.Release|Any CPU.ActiveCfg = Release|Any CPU
		{E23EB1C2-6598-44AC-A627-31A428B73147}.Release|Any CPU.Build.0 = Release|Any CPU
		{4297305D-ED72-415F-94CE-1727D4338E2D}.Debug|Any CPU.ActiveCfg = Debug|Any CPU
		{4297305D-ED72-415F-94CE-1727D4338E2D}.Debug|Any CPU.Build.0 = Debug|Any CPU
		{4297305D-ED72-415F-94CE-1727D4338E2D}.Release|Any CPU.ActiveCfg = Release|Any CPU
		{4297305D-ED72-415F-94CE-1727D4338E2D}.Release|Any CPU.Build.0 = Release|Any CPU
	EndGlobalSection
	GlobalSection(SolutionProperties) = preSolution
		HideSolutionNode = FALSE
	EndGlobalSection
	GlobalSection(ExtensibilityGlobals) = postSolution
		SolutionGuid = {7679E236-DE4D-4589-A82D-0096386057F2}
	EndGlobalSection
EndGlobal
